
Microsoft Visual Studio Solution File, Format Version 12.00
# Visual Studio Version 17
VisualStudioVersion = 17.1.32319.34
MinimumVisualStudioVersion = 10.0.40219.1
Project("{9A19103F-16F7-4668-BE54-9A1E7A4F7556}") = "Jossellware.PoshIPNetwork", "Jossellware.PoshIPNetwork\Jossellware.PoshIPNetwork.csproj", "{89A77707-F5B4-42E3-8EBC-A920A04D701D}"
EndProject
Project("{2150E333-8FDC-42A3-9474-1A3956D46DE8}") = "Shared", "Shared", "{89809BB7-DD5C-4437-A97B-D7246ACDD4B1}"
EndProject
Project("{9A19103F-16F7-4668-BE54-9A1E7A4F7556}") = "Jossellware.Shared.PSTools", "Shared\Jossellware.Shared.PSTools\Jossellware.Shared.PSTools.csproj", "{C943537F-AE8B-4375-AF7F-A88268FE5FCF}"
EndProject
Project("{9A19103F-16F7-4668-BE54-9A1E7A4F7556}") = "Jossellware.Shared", "Shared\Jossellware.Shared\Jossellware.Shared.csproj", "{DDAC5048-C436-4674-9B7E-3824153E74FF}"
EndProject
Project("{2150E333-8FDC-42A3-9474-1A3956D46DE8}") = "Tests", "Tests", "{7315F78C-9376-4F7D-98AD-36FB7AA732BE}"
EndProject
Project("{2150E333-8FDC-42A3-9474-1A3956D46DE8}") = "Shared", "Shared", "{F8DC68D2-23B5-4152-95AF-0299AA9E46AA}"
EndProject
Project("{2150E333-8FDC-42A3-9474-1A3956D46DE8}") = "Solution Items", "Solution Items", "{D7E96740-A4C1-4501-80F3-9EF9ABC604AD}"
	ProjectSection(SolutionItems) = preProject
		.editorconfig = .editorconfig
	EndProjectSection
EndProject
Project("{9A19103F-16F7-4668-BE54-9A1E7A4F7556}") = "Jossellware.Shared.PSTools.Tests", "Tests\Shared\Jossellware.Shared.PSTools.Tests\Jossellware.Shared.PSTools.Tests.csproj", "{30824D3E-4003-402F-A37F-2996221C8B2F}"
EndProject
Project("{9A19103F-16F7-4668-BE54-9A1E7A4F7556}") = "Jossellware.Shared.Tests", "Tests\Shared\Jossellware.Shared.Tests\Jossellware.Shared.Tests.csproj", "{D06C34AE-E06F-41E0-88A9-FDF4263D020D}"
EndProject
Global
	GlobalSection(SolutionConfigurationPlatforms) = preSolution
		Debug|Any CPU = Debug|Any CPU
		Release|Any CPU = Release|Any CPU
	EndGlobalSection
	GlobalSection(ProjectConfigurationPlatforms) = postSolution
		{89A77707-F5B4-42E3-8EBC-A920A04D701D}.Debug|Any CPU.ActiveCfg = Debug|Any CPU
		{89A77707-F5B4-42E3-8EBC-A920A04D701D}.Debug|Any CPU.Build.0 = Debug|Any CPU
		{89A77707-F5B4-42E3-8EBC-A920A04D701D}.Release|Any CPU.ActiveCfg = Release|Any CPU
		{89A77707-F5B4-42E3-8EBC-A920A04D701D}.Release|Any CPU.Build.0 = Release|Any CPU
		{C943537F-AE8B-4375-AF7F-A88268FE5FCF}.Debug|Any CPU.ActiveCfg = Debug|Any CPU
		{C943537F-AE8B-4375-AF7F-A88268FE5FCF}.Debug|Any CPU.Build.0 = Debug|Any CPU
		{C943537F-AE8B-4375-AF7F-A88268FE5FCF}.Release|Any CPU.ActiveCfg = Release|Any CPU
		{C943537F-AE8B-4375-AF7F-A88268FE5FCF}.Release|Any CPU.Build.0 = Release|Any CPU
		{DDAC5048-C436-4674-9B7E-3824153E74FF}.Debug|Any CPU.ActiveCfg = Debug|Any CPU
		{DDAC5048-C436-4674-9B7E-3824153E74FF}.Debug|Any CPU.Build.0 = Debug|Any CPU
		{DDAC5048-C436-4674-9B7E-3824153E74FF}.Release|Any CPU.ActiveCfg = Release|Any CPU
		{DDAC5048-C436-4674-9B7E-3824153E74FF}.Release|Any CPU.Build.0 = Release|Any CPU
		{30824D3E-4003-402F-A37F-2996221C8B2F}.Debug|Any CPU.ActiveCfg = Debug|Any CPU
		{30824D3E-4003-402F-A37F-2996221C8B2F}.Debug|Any CPU.Build.0 = Debug|Any CPU
		{30824D3E-4003-402F-A37F-2996221C8B2F}.Release|Any CPU.ActiveCfg = Release|Any CPU
		{30824D3E-4003-402F-A37F-2996221C8B2F}.Release|Any CPU.Build.0 = Release|Any CPU
		{D06C34AE-E06F-41E0-88A9-FDF4263D020D}.Debug|Any CPU.ActiveCfg = Debug|Any CPU
		{D06C34AE-E06F-41E0-88A9-FDF4263D020D}.Debug|Any CPU.Build.0 = Debug|Any CPU
		{D06C34AE-E06F-41E0-88A9-FDF4263D020D}.Release|Any CPU.ActiveCfg = Release|Any CPU
		{D06C34AE-E06F-41E0-88A9-FDF4263D020D}.Release|Any CPU.Build.0 = Release|Any CPU
	EndGlobalSection
	GlobalSection(SolutionProperties) = preSolution
		HideSolutionNode = FALSE
	EndGlobalSection
	GlobalSection(NestedProjects) = preSolution
		{C943537F-AE8B-4375-AF7F-A88268FE5FCF} = {89809BB7-DD5C-4437-A97B-D7246ACDD4B1}
		{DDAC5048-C436-4674-9B7E-3824153E74FF} = {89809BB7-DD5C-4437-A97B-D7246ACDD4B1}
		{F8DC68D2-23B5-4152-95AF-0299AA9E46AA} = {7315F78C-9376-4F7D-98AD-36FB7AA732BE}
		{30824D3E-4003-402F-A37F-2996221C8B2F} = {F8DC68D2-23B5-4152-95AF-0299AA9E46AA}
		{D06C34AE-E06F-41E0-88A9-FDF4263D020D} = {F8DC68D2-23B5-4152-95AF-0299AA9E46AA}
	EndGlobalSection
	GlobalSection(ExtensibilityGlobals) = postSolution
		SolutionGuid = {005F437E-FB40-4409-A9C9-1CB533D5A444}
	EndGlobalSection
EndGlobal
